
Microsoft Visual Studio Solution File, Format Version 12.00
# Visual Studio Version 17
VisualStudioVersion = 17.1.32328.378
MinimumVisualStudioVersion = 10.0.40219.1
Project("{9A19103F-16F7-4668-BE54-9A1E7A4F7556}") = "KRON", "KRON.csproj", "{B2976CA2-8B9C-4C73-98C6-963BE36B74DE}"
EndProject
Global
	GlobalSection(SolutionConfigurationPlatforms) = preSolution
		Debug|Any CPU = Debug|Any CPU
		Release|Any CPU = Release|Any CPU
	EndGlobalSection
	GlobalSection(ProjectConfigurationPlatforms) = postSolution
		{B2976CA2-8B9C-4C73-98C6-963BE36B74DE}.Debug|Any CPU.ActiveCfg = Debug|Any CPU
		{B2976CA2-8B9C-4C73-98C6-963BE36B74DE}.Debug|Any CPU.Build.0 = Debug|Any CPU
		{B2976CA2-8B9C-4C73-98C6-963BE36B74DE}.Release|Any CPU.ActiveCfg = Release|Any CPU
		{B2976CA2-8B9C-4C73-98C6-963BE36B74DE}.Release|Any CPU.Build.0 = Release|Any CPU
	EndGlobalSection
	GlobalSection(SolutionProperties) = preSolution
		HideSolutionNode = FALSE
	EndGlobalSection
	GlobalSection(ExtensibilityGlobals) = postSolution
		SolutionGuid = {1FD9F070-EF1D-4954-AB73-AFDD8301E026}
	EndGlobalSection
EndGlobal
